{
    "default": {
        "appnope": {
            "version": "==0.1.0",
            "hash": "sha256:5b26757dc6f79a3b7dc9fab95359328d5747fcb2409d331ea66d0272b90ab2a0"
        },
        "pathlib2": {
            "version": "==2.2.1",
            "hash": "sha256:31b7bac38144612b18fb55adc4285e34a766ae64fdb1200c72e0b0cdd632ef4b"
        },
        "setuptools": {
            "version": "==34.3.2",
            "hash": "sha256:6483f8412313ec787fa71379147a4605d3b1cc303c3648d02542a9160d3db72b"
        },
        "backports.shutil-get-terminal-size": {
            "version": "==1.0.0",
            "hash": "sha256:0975ba55054c15e346944b38956a4c9cbee9009391e41b86c68990effb8c1f64"
        },
        "fire": {
            "version": "==0.1.0",
            "hash": "sha256:171628f3896388ba86c2362aaf658ef87da929215c63a8353021cb34937549c2"
        },
        "ipython-genutils": {
            "version": "==0.2.0",
            "hash": "sha256:72dd37233799e619666c9f639a9da83c34013a73e8bbc79a7a6348d93c61fab8"
        },
        "packaging": {
            "version": "==16.8",
            "hash": "sha256:99276dc6e3a7851f32027a68f1095cd3f77c148091b092ea867a351811cfe388"
        },
        "pygments": {
            "version": "==2.2.0",
            "hash": "sha256:78f3f434bcc5d6ee09020f92ba487f95ba50f1e3ef83ae96b9d5ffa1bab25c5d"
        },
        "ipython": {
            "version": "==5.3.0",
            "hash": "sha256:fb342e89069c9ef176063b14888d7fe774253762f1eda19f09332f1440e6f3c7"
        },
        "prompt-toolkit": {
            "version": "==1.0.13",
            "hash": "sha256:92e946fc7b87417924605b0d688347cba85048f958fb6a929db032f1380719a3"
        },
        "beautifulsoup4": {
            "version": "==4.5.3",
            "hash": "sha256:50e031957fe5d72c7ff6c10575d07b83a6462d12d12af03666b0dd1d9aa81c43"
        },
        "pickleshare": {
            "version": "==0.7.4",
            "hash": "sha256:c9a2541f25aeabc070f12f452e1f2a8eae2abd51e1cd19e8430402bdf4c1d8b5"
        },
        "pyparsing": {
            "version": "==2.2.0",
            "hash": "sha256:fee43f17a9c4087e7ed1605bd6df994c6173c1e977d7ade7b651292fab2bd010"
        },
        "appdirs": {
            "version": "==1.4.3",
            "hash": "sha256:d8b24664561d0d34ddfaec54636d502d7cea6e29c3eaf68f3df6180863e2166e"
        },
        "configparser": {
            "version": "==3.5.0",
            "hash": "sha256:5308b47021bc2340965c371f0f058cc6971a04502638d4244225c49d80db273a"
        },
        "pexpect": {
            "version": "==4.2.1",
            "hash": "sha256:f853b52afaf3b064d29854771e2db509ef80392509bde2dd7a6ecf2dfc3f0018"
        },
        "pyflakes": {
            "version": "==1.5.0",
            "hash": "sha256:cc5eadfb38041f8366128786b4ca12700ed05bbf1403d808e89d57d67a3875a7"
        },
        "enum34": {
            "version": "==1.1.6",
            "hash": "sha256:6bd0f6ad48ec2aa117d3d141940d484deccda84d4fcd884f5c3d93c23ecd8c79"
        },
        "six": {
            "version": "==1.10.0",
            "hash": "sha256:0ff78c403d9bccf5a425a6d31a12aa6b47f1c21ca4dc2573a7e2f32a97335eb1"
        },
        "wcwidth": {
            "version": "==0.1.7",
            "hash": "sha256:f4ebe71925af7b40a864553f761ed559b43544f8f71746c2d756c7fe788ade7c"
        },
        "ptyprocess": {
            "version": "==0.5.1",
            "hash": "sha256:464cb76f7a7122743dd25507650db89cd447c51f38e4671602b3eaa2e38e05ae"
        },
        "mccabe": {
            "version": "==0.6.1",
            "hash": "sha256:ab8a6258860da4b6677da4bd2fe5dc2c659cff31b3ee4f7f5d64e79735b80d42"
        },
        "traitlets": {
            "version": "==4.3.2",
            "hash": "sha256:c6cb5e6f57c5a9bdaa40fa71ce7b4af30298fbab9ece9815b5d995ab6217c7d9"
        },
        "decorator": {
            "version": "==4.0.11",
            "hash": "sha256:73cbaadb8bc4e3c65fe1100773d56331a2d756cc0f5c7b9d8d5d5223fe04f600"
        },
        "pycodestyle": {
            "version": "==2.3.1",
            "hash": "sha256:6c4245ade1edfad79c3446fadfc96b0de2759662dc29d07d80a6f27ad1ca6ba9"
        },
        "requests": {
            "version": "==2.13.0",
            "hash": "sha256:1a720e8862a41aa22e339373b526f508ef0c8988baf48b84d3fc891a8e237efb"
        },
        "scandir": {
            "version": "==1.5",
            "hash": "sha256:c2612d1a487d80fb4701b4a91ca1b8f8a695b1ae820570815e85e8c8b23f1283"
        },
        "simplegeneric": {
            "version": "==0.8.1",
            "hash": "sha256:dc972e06094b9af5b855b3df4a646395e43d1c9d0d39ed345b7393560d0b9173"
        },
        "flake8": {
            "version": "==3.3.0",
            "hash": "sha256:83905eadba99f73fbfe966598aaf1682b3eb6755d2263c5b33a4e8367d60b0d1"
        }
    },
    "develop": {},
    "_meta": {
        "sources": [
            {
                "url": "https://pypi.python.org/simple",
                "verify_ssl": true
            }
        ],
        "requires": {},
        "hash": {
            "sha256": "7775ff8a0a44d71144443d81a0d733f7ca13e5be5805aea176bcfe691ef2a8ed"
        }
    }
}